
Microsoft Visual Studio Solution File, Format Version 12.00
# Visual Studio Version 17
VisualStudioVersion = 17.4.33213.308
MinimumVisualStudioVersion = 10.0.40219.1
Project("{9A19103F-16F7-4668-BE54-9A1E7A4F7556}") = "University.Application", "University.Application\University.Application.csproj", "{795E021E-E6B0-478E-A08F-12502354A168}"
EndProject
Project("{9A19103F-16F7-4668-BE54-9A1E7A4F7556}") = "University.Domain", "University.Domain\University.Domain.csproj", "{A315E023-1ADF-400A-B63E-D5D99F11CCBB}"
EndProject
Project("{9A19103F-16F7-4668-BE54-9A1E7A4F7556}") = "University.Infrastructure", "University.Infrastructure\University.Infrastructure.csproj", "{D9EFDDAC-3646-4525-AFFA-4901ACF57BA1}"
EndProject
Project("{FAE04EC0-301F-11D3-BF4B-00C04F79EFBC}") = "University.Web", "University.Web\University.Web.csproj", "{D68155D2-23E8-4216-BFB0-80327A966BB8}"
EndProject
Project("{FAE04EC0-301F-11D3-BF4B-00C04F79EFBC}") = "University.Persistence", "University.Persistence\University.Persistence.csproj", "{0F34F34E-100D-430B-9D2E-3E2C0C053491}"
EndProject
Global
	GlobalSection(SolutionConfigurationPlatforms) = preSolution
		Debug|Any CPU = Debug|Any CPU
		Release|Any CPU = Release|Any CPU
	EndGlobalSection
	GlobalSection(ProjectConfigurationPlatforms) = postSolution
		{795E021E-E6B0-478E-A08F-12502354A168}.Debug|Any CPU.ActiveCfg = Debug|Any CPU
		{795E021E-E6B0-478E-A08F-12502354A168}.Debug|Any CPU.Build.0 = Debug|Any CPU
		{795E021E-E6B0-478E-A08F-12502354A168}.Release|Any CPU.ActiveCfg = Release|Any CPU
		{795E021E-E6B0-478E-A08F-12502354A168}.Release|Any CPU.Build.0 = Release|Any CPU
		{A315E023-1ADF-400A-B63E-D5D99F11CCBB}.Debug|Any CPU.ActiveCfg = Debug|Any CPU
		{A315E023-1ADF-400A-B63E-D5D99F11CCBB}.Debug|Any CPU.Build.0 = Debug|Any CPU
		{A315E023-1ADF-400A-B63E-D5D99F11CCBB}.Release|Any CPU.ActiveCfg = Release|Any CPU
		{A315E023-1ADF-400A-B63E-D5D99F11CCBB}.Release|Any CPU.Build.0 = Release|Any CPU
		{D9EFDDAC-3646-4525-AFFA-4901ACF57BA1}.Debug|Any CPU.ActiveCfg = Debug|Any CPU
		{D9EFDDAC-3646-4525-AFFA-4901ACF57BA1}.Debug|Any CPU.Build.0 = Debug|Any CPU
		{D9EFDDAC-3646-4525-AFFA-4901ACF57BA1}.Release|Any CPU.ActiveCfg = Release|Any CPU
		{D9EFDDAC-3646-4525-AFFA-4901ACF57BA1}.Release|Any CPU.Build.0 = Release|Any CPU
		{D68155D2-23E8-4216-BFB0-80327A966BB8}.Debug|Any CPU.ActiveCfg = Debug|Any CPU
		{D68155D2-23E8-4216-BFB0-80327A966BB8}.Debug|Any CPU.Build.0 = Debug|Any CPU
		{D68155D2-23E8-4216-BFB0-80327A966BB8}.Release|Any CPU.ActiveCfg = Release|Any CPU
		{D68155D2-23E8-4216-BFB0-80327A966BB8}.Release|Any CPU.Build.0 = Release|Any CPU
		{0F34F34E-100D-430B-9D2E-3E2C0C053491}.Debug|Any CPU.ActiveCfg = Debug|Any CPU
		{0F34F34E-100D-430B-9D2E-3E2C0C053491}.Debug|Any CPU.Build.0 = Debug|Any CPU
		{0F34F34E-100D-430B-9D2E-3E2C0C053491}.Release|Any CPU.ActiveCfg = Release|Any CPU
		{0F34F34E-100D-430B-9D2E-3E2C0C053491}.Release|Any CPU.Build.0 = Release|Any CPU
	EndGlobalSection
	GlobalSection(SolutionProperties) = preSolution
		HideSolutionNode = FALSE
	EndGlobalSection
	GlobalSection(ExtensibilityGlobals) = postSolution
		SolutionGuid = {50E4248F-7556-405C-90FC-5228863AC106}
	EndGlobalSection
EndGlobal
